
Microsoft Visual Studio Solution File, Format Version 12.00
# Visual Studio Version 17
VisualStudioVersion = 17.14.36301.6 d17.14
MinimumVisualStudioVersion = 10.0.40219.1
Project("{FAE04EC0-301F-11D3-BF4B-00C04F79EFBC}") = "CustomIndexer", "CustomIndexer\CustomIndexer.csproj", "{F542B874-0B0E-43C6-B3F2-5397E74A6658}"
EndProject
Global
	GlobalSection(SolutionConfigurationPlatforms) = preSolution
		Debug|Any CPU = Debug|Any CPU
		Release|Any CPU = Release|Any CPU
	EndGlobalSection
	GlobalSection(ProjectConfigurationPlatforms) = postSolution
		{F542B874-0B0E-43C6-B3F2-5397E74A6658}.Debug|Any CPU.ActiveCfg = Debug|Any CPU
		{F542B874-0B0E-43C6-B3F2-5397E74A6658}.Debug|Any CPU.Build.0 = Debug|Any CPU
		{F542B874-0B0E-43C6-B3F2-5397E74A6658}.Release|Any CPU.ActiveCfg = Release|Any CPU
		{F542B874-0B0E-43C6-B3F2-5397E74A6658}.Release|Any CPU.Build.0 = Release|Any CPU
	EndGlobalSection
	GlobalSection(SolutionProperties) = preSolution
		HideSolutionNode = FALSE
	EndGlobalSection
	GlobalSection(ExtensibilityGlobals) = postSolution
		SolutionGuid = {1AA96F24-0922-4CED-AC0C-A5ABD1D4508A}
	EndGlobalSection
EndGlobal
